<?xml version="1.0" encoding="utf-8"?>
<Project ToolsVersion="4.0" xmlns="http://schemas.microsoft.com/developer/msbuild/2003">
  <ItemGroup>
    <Filter Include="Source Files">
      <UniqueIdentifier>{ca99b6fd-da4b-4d63-a888-65c10167d722}</UniqueIdentifier>
      <Extensions>cpp;c;cxx;rc;def;r;odl;idl;hpj;bat</Extensions>
    </Filter>
    <Filter Include="Header Files">
      <UniqueIdentifier>{4ce9ca83-a8f4-42ab-8f5b-42c6c748ea6f}</UniqueIdentifier>
      <Extensions>h;hpp;hxx;hm;inl</Extensions>
    </Filter>
    <Filter Include="Resource Files">
      <UniqueIdentifier>{02696068-19e4-49d4-b747-0cc0e4b1a36d}</UniqueIdentifier>
      <Extensions>ico;cur;bmp;dlg;rc2;rct;bin;rgs;gif;jpg;jpeg;jpe</Extensions>
    </Filter>
    <Filter Include="misc">
      <UniqueIdentifier>{aa331182-d2f0-4c48-a86e-2741d5562f54}</UniqueIdentifier>
    </Filter>
  </ItemGroup>
  <ItemGroup>
    <ClCompile Include="GameWorld.cpp">
      <Filter>Source Files</Filter>
    </ClCompile>
    <ClCompile Include="main.cpp">
      <Filter>Source Files</Filter>
    </ClCompile>
    <ClCompile Include="SteeringBehaviors.cpp">
      <Filter>Source Files</Filter>
    </ClCompile>
    <ClCompile Include="Vehicle.cpp">
      <Filter>Source Files</Filter>
    </ClCompile>
    <ClCompile Include="Obstacle.cpp">
      <Filter>misc</Filter>
    </ClCompile>
    <ClCompile Include="ParamLoader.cpp">
      <Filter>misc</Filter>
    </ClCompile>
    <ClCompile Include="Path.cpp">
      <Filter>misc</Filter>
    </ClCompile>
    <ClCompile Include="Time\PrecisionTimer.cpp">
      <Filter>Source Files</Filter>
    </ClCompile>
    <ClCompile Include="misc\WindowUtils.cpp">
      <Filter>Source Files</Filter>
    </ClCompile>
    <ClCompile Include="misc\iniFileLoaderBase.cpp">
      <Filter>Source Files</Filter>
    </ClCompile>
    <ClCompile Include="misc\Cgdi.cpp">
      <Filter>Source Files</Filter>
    </ClCompile>
    <ClCompile Include="2D\Vector2d.cpp">
      <Filter>Source Files</Filter>
    </ClCompile>
    <ClCompile Include="FollowAgent.cpp">
      <Filter>Source Files</Filter>
    </ClCompile>
    <ClCompile Include="LeaderAgent.cpp">
      <Filter>Source Files</Filter>
    </ClCompile>
    <ClCompile Include="HumanLeader.cpp">
      <Filter>Source Files</Filter>
    </ClCompile>
  </ItemGroup>
  <ItemGroup>
    <ClInclude Include="BaseGameEntity.h">
      <Filter>Header Files</Filter>
    </ClInclude>
    <ClInclude Include="constants.h">
      <Filter>Header Files</Filter>
    </ClInclude>
    <ClInclude Include="GameWorld.h">
      <Filter>Header Files</Filter>
    </ClInclude>
    <ClInclude Include="MovingEntity.h">
      <Filter>Header Files</Filter>
    </ClInclude>
    <ClInclude Include="SteeringBehaviors.h">
      <Filter>Header Files</Filter>
    </ClInclude>
    <ClInclude Include="Vehicle.h">
      <Filter>Header Files</Filter>
    </ClInclude>
    <ClInclude Include="resource.h">
      <Filter>Resource Files</Filter>
    </ClInclude>
    <ClInclude Include="EntityFunctionTemplates.h">
      <Filter>misc</Filter>
    </ClInclude>
    <ClInclude Include="Obstacle.h">
      <Filter>misc</Filter>
    </ClInclude>
    <ClInclude Include="ParamLoader.h">
      <Filter>misc</Filter>
    </ClInclude>
    <ClInclude Include="Path.h">
      <Filter>misc</Filter>
    </ClInclude>
    <ClInclude Include="FollowAgent.h">
      <Filter>Header Files</Filter>
    </ClInclude>
    <ClInclude Include="2D\C2DMatrix.h">
      <Filter>Header Files</Filter>
    </ClInclude>
    <ClInclude Include="misc\CellSpacePartition.h">
      <Filter>Header Files</Filter>
    </ClInclude>
    <ClInclude Include="misc\Cgdi.h">
      <Filter>Header Files</Filter>
    </ClInclude>
    <ClInclude Include="2D\geometry.h">
      <Filter>Header Files</Filter>
    </ClInclude>
    <ClInclude Include="misc\iniFileLoaderBase.h">
      <Filter>Header Files</Filter>
    </ClInclude>
    <ClInclude Include="2D\InvertedAABBox2D.h">
      <Filter>Header Files</Filter>
    </ClInclude>
    <ClInclude Include="Time\PrecisionTimer.h">
      <Filter>Header Files</Filter>
    </ClInclude>
    <ClInclude Include="misc\Smoother.h">
      <Filter>Header Files</Filter>
    </ClInclude>
    <ClInclude Include="misc\Stream_Utility_Functions.h">
      <Filter>Header Files</Filter>
    </ClInclude>
    <ClInclude Include="2D\Transformations.h">
      <Filter>Header Files</Filter>
    </ClInclude>
    <ClInclude Include="misc\utils.h">
      <Filter>Header Files</Filter>
    </ClInclude>
    <ClInclude Include="2D\Vector2D.h">
      <Filter>Header Files</Filter>
    </ClInclude>
    <ClInclude Include="2D\Wall2D.h">
      <Filter>Header Files</Filter>
    </ClInclude>
    <ClInclude Include="misc\WindowUtils.h">
      <Filter>Header Files</Filter>
    </ClInclude>
    <ClInclude Include="LeaderAgent.h">
      <Filter>Header Files</Filter>
    </ClInclude>
    <ClInclude Include="HumanLeader.h">
      <Filter>Header Files</Filter>
    </ClInclude>
  </ItemGroup>
  <ItemGroup>
    <ResourceCompile Include="Script1.rc">
      <Filter>Resource Files</Filter>
    </ResourceCompile>
  </ItemGroup>
  <ItemGroup>
    <CustomBuild Include="params.ini">
      <Filter>Resource Files</Filter>
    </CustomBuild>
  </ItemGroup>
</Project>